
Microsoft Visual Studio Solution File, Format Version 12.00
# Visual Studio Version 16
VisualStudioVersion = 16.0.29123.88
MinimumVisualStudioVersion = 10.0.40219.1
Project("{FAE04EC0-301F-11D3-BF4B-00C04F79EFBC}") = "MakaoCart", "MakaoCart\MakaoCart.csproj", "{69FAD244-A471-440B-941F-73D937B11014}"
EndProject
Global
	GlobalSection(SolutionConfigurationPlatforms) = preSolution
		Debug|Any CPU = Debug|Any CPU
		Release|Any CPU = Release|Any CPU
	EndGlobalSection
	GlobalSection(ProjectConfigurationPlatforms) = postSolution
		{69FAD244-A471-440B-941F-73D937B11014}.Debug|Any CPU.ActiveCfg = Debug|Any CPU
		{69FAD244-A471-440B-941F-73D937B11014}.Debug|Any CPU.Build.0 = Debug|Any CPU
		{69FAD244-A471-440B-941F-73D937B11014}.Release|Any CPU.ActiveCfg = Release|Any CPU
		{69FAD244-A471-440B-941F-73D937B11014}.Release|Any CPU.Build.0 = Release|Any CPU
	EndGlobalSection
	GlobalSection(SolutionProperties) = preSolution
		HideSolutionNode = FALSE
	EndGlobalSection
	GlobalSection(ExtensibilityGlobals) = postSolution
		SolutionGuid = {8D9778D2-610D-484A-AF64-D622A2B03B3A}
	EndGlobalSection
EndGlobal
